
Microsoft Visual Studio Solution File, Format Version 12.00
# Visual Studio Version 17
VisualStudioVersion = 17.12.35506.116 d17.12
MinimumVisualStudioVersion = 10.0.40219.1
Project("{FAE04EC0-301F-11D3-BF4B-00C04F79EFBC}") = "NewScreenSound", "NewScreenSound.csproj", "{8B64E4F9-AF4B-455F-8CE7-64532160DE4C}"
EndProject
Global
	GlobalSection(SolutionConfigurationPlatforms) = preSolution
		Debug|Any CPU = Debug|Any CPU
		Release|Any CPU = Release|Any CPU
	EndGlobalSection
	GlobalSection(ProjectConfigurationPlatforms) = postSolution
		{8B64E4F9-AF4B-455F-8CE7-64532160DE4C}.Debug|Any CPU.ActiveCfg = Debug|Any CPU
		{8B64E4F9-AF4B-455F-8CE7-64532160DE4C}.Debug|Any CPU.Build.0 = Debug|Any CPU
		{8B64E4F9-AF4B-455F-8CE7-64532160DE4C}.Release|Any CPU.ActiveCfg = Release|Any CPU
		{8B64E4F9-AF4B-455F-8CE7-64532160DE4C}.Release|Any CPU.Build.0 = Release|Any CPU
	EndGlobalSection
	GlobalSection(SolutionProperties) = preSolution
		HideSolutionNode = FALSE
	EndGlobalSection
EndGlobal
